
Microsoft Visual Studio Solution File, Format Version 12.00
# Visual Studio Version 17
VisualStudioVersion = 17.0.31903.59
MinimumVisualStudioVersion = 10.0.40219.1
Project("{2150E333-8FDC-42A3-9474-1A3956D46DE8}") = "src", "src", "{827E0CD3-B72D-47B6-A68D-7590B98EB39B}"
EndProject
Project("{2150E333-8FDC-42A3-9474-1A3956D46DE8}") = "Client", "Client", "{C5A3B5EA-BE9F-76E5-E9B8-8A22B289B295}"
EndProject
Project("{FAE04EC0-301F-11D3-BF4B-00C04F79EFBC}") = "FileUpdaterClient", "src\Client\FileUpdaterClient.csproj", "{497C5042-EA08-42F6-890A-495D01DB857D}"
EndProject
Project("{FAE04EC0-301F-11D3-BF4B-00C04F79EFBC}") = "PackageManifest", "src\PackageManifest\PackageManifest.csproj", "{E020ED6A-EF92-4AC8-B077-B6ED8A378276}"
EndProject
Project("{2150E333-8FDC-42A3-9474-1A3956D46DE8}") = "Client.Tests", "Client.Tests", "{DD8C70B9-D06E-F4AE-236A-D7EB1BD1E828}"
EndProject
Project("{FAE04EC0-301F-11D3-BF4B-00C04F79EFBC}") = "FileUpdaterClient.Tests", "src\Client.Tests\FileUpdaterClient.Tests.csproj", "{3C401454-D7FC-480A-A7CD-35C459FB1CB9}"
EndProject
Project("{FAE04EC0-301F-11D3-BF4B-00C04F79EFBC}") = "PackageManifest.Tests", "src\PackageManifest.Tests\PackageManifest.Tests.csproj", "{CB61BFF1-47FE-45C0-83FF-9C07B39DD9F0}"
EndProject
Project("{FAE04EC0-301F-11D3-BF4B-00C04F79EFBC}") = "PackageSigner", "src\PackageSigner\PackageSigner.csproj", "{C4656384-1F69-48FB-8D5F-D30C086FF64F}"
EndProject
Project("{2150E333-8FDC-42A3-9474-1A3956D46DE8}") = "Server", "Server", "{E6B48023-E680-40DA-9E17-319585C26937}"
EndProject
Project("{FAE04EC0-301F-11D3-BF4B-00C04F79EFBC}") = "FileUpdaterServer", "src\Server\FileUpdaterServer.csproj", "{8762A82B-5868-4A16-9EFD-44613310918E}"
EndProject
Project("{2150E333-8FDC-42A3-9474-1A3956D46DE8}") = "Server.Tests", "Server.Tests", "{C96C69BA-39AB-D367-B93E-7DE04749DAA9}"
EndProject
Project("{FAE04EC0-301F-11D3-BF4B-00C04F79EFBC}") = "FileUpdaterServer.Tests", "src\Server.Tests\FileUpdaterServer.Tests.csproj", "{C4EFD9DF-A280-4504-B34E-8987B29BA382}"
EndProject
Global
	GlobalSection(SolutionConfigurationPlatforms) = preSolution
		Debug|Any CPU = Debug|Any CPU
		Debug|x64 = Debug|x64
		Debug|x86 = Debug|x86
		Release|Any CPU = Release|Any CPU
		Release|x64 = Release|x64
		Release|x86 = Release|x86
	EndGlobalSection
	GlobalSection(ProjectConfigurationPlatforms) = postSolution
		{497C5042-EA08-42F6-890A-495D01DB857D}.Debug|Any CPU.ActiveCfg = Debug|Any CPU
		{497C5042-EA08-42F6-890A-495D01DB857D}.Debug|Any CPU.Build.0 = Debug|Any CPU
		{497C5042-EA08-42F6-890A-495D01DB857D}.Debug|x64.ActiveCfg = Debug|Any CPU
		{497C5042-EA08-42F6-890A-495D01DB857D}.Debug|x64.Build.0 = Debug|Any CPU
		{497C5042-EA08-42F6-890A-495D01DB857D}.Debug|x86.ActiveCfg = Debug|Any CPU
		{497C5042-EA08-42F6-890A-495D01DB857D}.Debug|x86.Build.0 = Debug|Any CPU
		{497C5042-EA08-42F6-890A-495D01DB857D}.Release|Any CPU.ActiveCfg = Release|Any CPU
		{497C5042-EA08-42F6-890A-495D01DB857D}.Release|Any CPU.Build.0 = Release|Any CPU
		{497C5042-EA08-42F6-890A-495D01DB857D}.Release|x64.ActiveCfg = Release|Any CPU
		{497C5042-EA08-42F6-890A-495D01DB857D}.Release|x64.Build.0 = Release|Any CPU
		{497C5042-EA08-42F6-890A-495D01DB857D}.Release|x86.ActiveCfg = Release|Any CPU
		{497C5042-EA08-42F6-890A-495D01DB857D}.Release|x86.Build.0 = Release|Any CPU
		{E020ED6A-EF92-4AC8-B077-B6ED8A378276}.Debug|Any CPU.ActiveCfg = Debug|Any CPU
		{E020ED6A-EF92-4AC8-B077-B6ED8A378276}.Debug|Any CPU.Build.0 = Debug|Any CPU
		{E020ED6A-EF92-4AC8-B077-B6ED8A378276}.Debug|x64.ActiveCfg = Debug|Any CPU
		{E020ED6A-EF92-4AC8-B077-B6ED8A378276}.Debug|x64.Build.0 = Debug|Any CPU
		{E020ED6A-EF92-4AC8-B077-B6ED8A378276}.Debug|x86.ActiveCfg = Debug|Any CPU
		{E020ED6A-EF92-4AC8-B077-B6ED8A378276}.Debug|x86.Build.0 = Debug|Any CPU
		{E020ED6A-EF92-4AC8-B077-B6ED8A378276}.Release|Any CPU.ActiveCfg = Release|Any CPU
		{E020ED6A-EF92-4AC8-B077-B6ED8A378276}.Release|Any CPU.Build.0 = Release|Any CPU
		{E020ED6A-EF92-4AC8-B077-B6ED8A378276}.Release|x64.ActiveCfg = Release|Any CPU
		{E020ED6A-EF92-4AC8-B077-B6ED8A378276}.Release|x64.Build.0 = Release|Any CPU
		{E020ED6A-EF92-4AC8-B077-B6ED8A378276}.Release|x86.ActiveCfg = Release|Any CPU
		{E020ED6A-EF92-4AC8-B077-B6ED8A378276}.Release|x86.Build.0 = Release|Any CPU
		{3C401454-D7FC-480A-A7CD-35C459FB1CB9}.Debug|Any CPU.ActiveCfg = Debug|Any CPU
		{3C401454-D7FC-480A-A7CD-35C459FB1CB9}.Debug|Any CPU.Build.0 = Debug|Any CPU
		{3C401454-D7FC-480A-A7CD-35C459FB1CB9}.Debug|x64.ActiveCfg = Debug|Any CPU
		{3C401454-D7FC-480A-A7CD-35C459FB1CB9}.Debug|x64.Build.0 = Debug|Any CPU
		{3C401454-D7FC-480A-A7CD-35C459FB1CB9}.Debug|x86.ActiveCfg = Debug|Any CPU
		{3C401454-D7FC-480A-A7CD-35C459FB1CB9}.Debug|x86.Build.0 = Debug|Any CPU
		{3C401454-D7FC-480A-A7CD-35C459FB1CB9}.Release|Any CPU.ActiveCfg = Release|Any CPU
		{3C401454-D7FC-480A-A7CD-35C459FB1CB9}.Release|Any CPU.Build.0 = Release|Any CPU
		{3C401454-D7FC-480A-A7CD-35C459FB1CB9}.Release|x64.ActiveCfg = Release|Any CPU
		{3C401454-D7FC-480A-A7CD-35C459FB1CB9}.Release|x64.Build.0 = Release|Any CPU
		{3C401454-D7FC-480A-A7CD-35C459FB1CB9}.Release|x86.ActiveCfg = Release|Any CPU
		{3C401454-D7FC-480A-A7CD-35C459FB1CB9}.Release|x86.Build.0 = Release|Any CPU
		{CB61BFF1-47FE-45C0-83FF-9C07B39DD9F0}.Debug|Any CPU.ActiveCfg = Debug|Any CPU
		{CB61BFF1-47FE-45C0-83FF-9C07B39DD9F0}.Debug|Any CPU.Build.0 = Debug|Any CPU
		{CB61BFF1-47FE-45C0-83FF-9C07B39DD9F0}.Debug|x64.ActiveCfg = Debug|Any CPU
		{CB61BFF1-47FE-45C0-83FF-9C07B39DD9F0}.Debug|x64.Build.0 = Debug|Any CPU
		{CB61BFF1-47FE-45C0-83FF-9C07B39DD9F0}.Debug|x86.ActiveCfg = Debug|Any CPU
		{CB61BFF1-47FE-45C0-83FF-9C07B39DD9F0}.Debug|x86.Build.0 = Debug|Any CPU
		{CB61BFF1-47FE-45C0-83FF-9C07B39DD9F0}.Release|Any CPU.ActiveCfg = Release|Any CPU
		{CB61BFF1-47FE-45C0-83FF-9C07B39DD9F0}.Release|Any CPU.Build.0 = Release|Any CPU
		{CB61BFF1-47FE-45C0-83FF-9C07B39DD9F0}.Release|x64.ActiveCfg = Release|Any CPU
		{CB61BFF1-47FE-45C0-83FF-9C07B39DD9F0}.Release|x64.Build.0 = Release|Any CPU
		{CB61BFF1-47FE-45C0-83FF-9C07B39DD9F0}.Release|x86.ActiveCfg = Release|Any CPU
		{CB61BFF1-47FE-45C0-83FF-9C07B39DD9F0}.Release|x86.Build.0 = Release|Any CPU
		{C4656384-1F69-48FB-8D5F-D30C086FF64F}.Debug|Any CPU.ActiveCfg = Debug|Any CPU
		{C4656384-1F69-48FB-8D5F-D30C086FF64F}.Debug|Any CPU.Build.0 = Debug|Any CPU
		{C4656384-1F69-48FB-8D5F-D30C086FF64F}.Debug|x64.ActiveCfg = Debug|Any CPU
		{C4656384-1F69-48FB-8D5F-D30C086FF64F}.Debug|x64.Build.0 = Debug|Any CPU
		{C4656384-1F69-48FB-8D5F-D30C086FF64F}.Debug|x86.ActiveCfg = Debug|Any CPU
		{C4656384-1F69-48FB-8D5F-D30C086FF64F}.Debug|x86.Build.0 = Debug|Any CPU
		{C4656384-1F69-48FB-8D5F-D30C086FF64F}.Release|Any CPU.ActiveCfg = Release|Any CPU
		{C4656384-1F69-48FB-8D5F-D30C086FF64F}.Release|Any CPU.Build.0 = Release|Any CPU
		{C4656384-1F69-48FB-8D5F-D30C086FF64F}.Release|x64.ActiveCfg = Release|Any CPU
		{C4656384-1F69-48FB-8D5F-D30C086FF64F}.Release|x64.Build.0 = Release|Any CPU
		{C4656384-1F69-48FB-8D5F-D30C086FF64F}.Release|x86.ActiveCfg = Release|Any CPU
		{C4656384-1F69-48FB-8D5F-D30C086FF64F}.Release|x86.Build.0 = Release|Any CPU
		{8762A82B-5868-4A16-9EFD-44613310918E}.Debug|Any CPU.ActiveCfg = Debug|Any CPU
		{8762A82B-5868-4A16-9EFD-44613310918E}.Debug|Any CPU.Build.0 = Debug|Any CPU
		{8762A82B-5868-4A16-9EFD-44613310918E}.Debug|x64.ActiveCfg = Debug|Any CPU
		{8762A82B-5868-4A16-9EFD-44613310918E}.Debug|x64.Build.0 = Debug|Any CPU
		{8762A82B-5868-4A16-9EFD-44613310918E}.Debug|x86.ActiveCfg = Debug|Any CPU
		{8762A82B-5868-4A16-9EFD-44613310918E}.Debug|x86.Build.0 = Debug|Any CPU
		{8762A82B-5868-4A16-9EFD-44613310918E}.Release|Any CPU.ActiveCfg = Release|Any CPU
		{8762A82B-5868-4A16-9EFD-44613310918E}.Release|Any CPU.Build.0 = Release|Any CPU
		{8762A82B-5868-4A16-9EFD-44613310918E}.Release|x64.ActiveCfg = Release|Any CPU
		{8762A82B-5868-4A16-9EFD-44613310918E}.Release|x64.Build.0 = Release|Any CPU
		{8762A82B-5868-4A16-9EFD-44613310918E}.Release|x86.ActiveCfg = Release|Any CPU
		{8762A82B-5868-4A16-9EFD-44613310918E}.Release|x86.Build.0 = Release|Any CPU
		{C4EFD9DF-A280-4504-B34E-8987B29BA382}.Debug|Any CPU.ActiveCfg = Debug|Any CPU
		{C4EFD9DF-A280-4504-B34E-8987B29BA382}.Debug|Any CPU.Build.0 = Debug|Any CPU
		{C4EFD9DF-A280-4504-B34E-8987B29BA382}.Debug|x64.ActiveCfg = Debug|Any CPU
		{C4EFD9DF-A280-4504-B34E-8987B29BA382}.Debug|x64.Build.0 = Debug|Any CPU
		{C4EFD9DF-A280-4504-B34E-8987B29BA382}.Debug|x86.ActiveCfg = Debug|Any CPU
		{C4EFD9DF-A280-4504-B34E-8987B29BA382}.Debug|x86.Build.0 = Debug|Any CPU
		{C4EFD9DF-A280-4504-B34E-8987B29BA382}.Release|Any CPU.ActiveCfg = Release|Any CPU
		{C4EFD9DF-A280-4504-B34E-8987B29BA382}.Release|Any CPU.Build.0 = Release|Any CPU
		{C4EFD9DF-A280-4504-B34E-8987B29BA382}.Release|x64.ActiveCfg = Release|Any CPU
		{C4EFD9DF-A280-4504-B34E-8987B29BA382}.Release|x64.Build.0 = Release|Any CPU
		{C4EFD9DF-A280-4504-B34E-8987B29BA382}.Release|x86.ActiveCfg = Release|Any CPU
		{C4EFD9DF-A280-4504-B34E-8987B29BA382}.Release|x86.Build.0 = Release|Any CPU
	EndGlobalSection
	GlobalSection(SolutionProperties) = preSolution
		HideSolutionNode = FALSE
	EndGlobalSection
	GlobalSection(NestedProjects) = preSolution
		{C5A3B5EA-BE9F-76E5-E9B8-8A22B289B295} = {827E0CD3-B72D-47B6-A68D-7590B98EB39B}
		{497C5042-EA08-42F6-890A-495D01DB857D} = {C5A3B5EA-BE9F-76E5-E9B8-8A22B289B295}
		{E020ED6A-EF92-4AC8-B077-B6ED8A378276} = {827E0CD3-B72D-47B6-A68D-7590B98EB39B}
		{DD8C70B9-D06E-F4AE-236A-D7EB1BD1E828} = {827E0CD3-B72D-47B6-A68D-7590B98EB39B}
		{3C401454-D7FC-480A-A7CD-35C459FB1CB9} = {DD8C70B9-D06E-F4AE-236A-D7EB1BD1E828}
		{CB61BFF1-47FE-45C0-83FF-9C07B39DD9F0} = {827E0CD3-B72D-47B6-A68D-7590B98EB39B}
		{C4656384-1F69-48FB-8D5F-D30C086FF64F} = {827E0CD3-B72D-47B6-A68D-7590B98EB39B}
		{E6B48023-E680-40DA-9E17-319585C26937} = {827E0CD3-B72D-47B6-A68D-7590B98EB39B}
		{8762A82B-5868-4A16-9EFD-44613310918E} = {E6B48023-E680-40DA-9E17-319585C26937}
		{C96C69BA-39AB-D367-B93E-7DE04749DAA9} = {827E0CD3-B72D-47B6-A68D-7590B98EB39B}
		{C4EFD9DF-A280-4504-B34E-8987B29BA382} = {C96C69BA-39AB-D367-B93E-7DE04749DAA9}
	EndGlobalSection
EndGlobal
